
Microsoft Visual Studio Solution File, Format Version 12.00
# Visual Studio Version 16
VisualStudioVersion = 16.0.31105.61
MinimumVisualStudioVersion = 10.0.40219.1
Project("{FAE04EC0-301F-11D3-BF4B-00C04F79EFBC}") = "CoffeeVendingMachine", "CoffeeVendingMachine.csproj", "{C2F9BDAA-E83B-4D6D-BA8A-6CB9B16DE7FA}"
EndProject
Global
	GlobalSection(SolutionConfigurationPlatforms) = preSolution
		Debug|Any CPU = Debug|Any CPU
		Release|Any CPU = Release|Any CPU
	EndGlobalSection
	GlobalSection(ProjectConfigurationPlatforms) = postSolution
		{C2F9BDAA-E83B-4D6D-BA8A-6CB9B16DE7FA}.Debug|Any CPU.ActiveCfg = Debug|Any CPU
		{C2F9BDAA-E83B-4D6D-BA8A-6CB9B16DE7FA}.Debug|Any CPU.Build.0 = Debug|Any CPU
		{C2F9BDAA-E83B-4D6D-BA8A-6CB9B16DE7FA}.Release|Any CPU.ActiveCfg = Release|Any CPU
		{C2F9BDAA-E83B-4D6D-BA8A-6CB9B16DE7FA}.Release|Any CPU.Build.0 = Release|Any CPU
	EndGlobalSection
	GlobalSection(SolutionProperties) = preSolution
		HideSolutionNode = FALSE
	EndGlobalSection
	GlobalSection(ExtensibilityGlobals) = postSolution
		SolutionGuid = {94FDA226-AD64-4B3A-ADC5-69759D08CA7A}
	EndGlobalSection
EndGlobal
