
Microsoft Visual Studio Solution File, Format Version 12.00
# Visual Studio Version 16
VisualStudioVersion = 16.0.31105.61
MinimumVisualStudioVersion = 10.0.40219.1
Project("{FAE04EC0-301F-11D3-BF4B-00C04F79EFBC}") = "ParametersDemo", "ParametersDemo.csproj", "{2D377218-47F0-4DC4-9105-B1C4F2B9B5AE}"
EndProject
Global
	GlobalSection(SolutionConfigurationPlatforms) = preSolution
		Debug|Any CPU = Debug|Any CPU
		Release|Any CPU = Release|Any CPU
	EndGlobalSection
	GlobalSection(ProjectConfigurationPlatforms) = postSolution
		{2D377218-47F0-4DC4-9105-B1C4F2B9B5AE}.Debug|Any CPU.ActiveCfg = Debug|Any CPU
		{2D377218-47F0-4DC4-9105-B1C4F2B9B5AE}.Debug|Any CPU.Build.0 = Debug|Any CPU
		{2D377218-47F0-4DC4-9105-B1C4F2B9B5AE}.Release|Any CPU.ActiveCfg = Release|Any CPU
		{2D377218-47F0-4DC4-9105-B1C4F2B9B5AE}.Release|Any CPU.Build.0 = Release|Any CPU
	EndGlobalSection
	GlobalSection(SolutionProperties) = preSolution
		HideSolutionNode = FALSE
	EndGlobalSection
	GlobalSection(ExtensibilityGlobals) = postSolution
		SolutionGuid = {BD518BFE-F3CD-4A20-96CD-90A0EE6A2621}
	EndGlobalSection
EndGlobal
