
Microsoft Visual Studio Solution File, Format Version 12.00
# Visual Studio Version 16
VisualStudioVersion = 16.0.31105.61
MinimumVisualStudioVersion = 10.0.40219.1
Project("{FAE04EC0-301F-11D3-BF4B-00C04F79EFBC}") = "Person", "Person.csproj", "{BD4CA3D3-E765-431D-A08B-7B79250204CC}"
EndProject
Global
	GlobalSection(SolutionConfigurationPlatforms) = preSolution
		Debug|Any CPU = Debug|Any CPU
		Release|Any CPU = Release|Any CPU
	EndGlobalSection
	GlobalSection(ProjectConfigurationPlatforms) = postSolution
		{BD4CA3D3-E765-431D-A08B-7B79250204CC}.Debug|Any CPU.ActiveCfg = Debug|Any CPU
		{BD4CA3D3-E765-431D-A08B-7B79250204CC}.Debug|Any CPU.Build.0 = Debug|Any CPU
		{BD4CA3D3-E765-431D-A08B-7B79250204CC}.Release|Any CPU.ActiveCfg = Release|Any CPU
		{BD4CA3D3-E765-431D-A08B-7B79250204CC}.Release|Any CPU.Build.0 = Release|Any CPU
	EndGlobalSection
	GlobalSection(SolutionProperties) = preSolution
		HideSolutionNode = FALSE
	EndGlobalSection
	GlobalSection(ExtensibilityGlobals) = postSolution
		SolutionGuid = {DA4E3209-824C-4F0E-89B7-1C33DF14AB04}
	EndGlobalSection
EndGlobal
