
Microsoft Visual Studio Solution File, Format Version 12.00
# Visual Studio Version 16
VisualStudioVersion = 16.0.31205.134
MinimumVisualStudioVersion = 10.0.40219.1
Project("{FAE04EC0-301F-11D3-BF4B-00C04F79EFBC}") = "University", "University.csproj", "{415F05E9-0984-49D6-90AB-F1681FCD1928}"
EndProject
Global
	GlobalSection(SolutionConfigurationPlatforms) = preSolution
		Debug|Any CPU = Debug|Any CPU
		Release|Any CPU = Release|Any CPU
	EndGlobalSection
	GlobalSection(ProjectConfigurationPlatforms) = postSolution
		{415F05E9-0984-49D6-90AB-F1681FCD1928}.Debug|Any CPU.ActiveCfg = Debug|Any CPU
		{415F05E9-0984-49D6-90AB-F1681FCD1928}.Debug|Any CPU.Build.0 = Debug|Any CPU
		{415F05E9-0984-49D6-90AB-F1681FCD1928}.Release|Any CPU.ActiveCfg = Release|Any CPU
		{415F05E9-0984-49D6-90AB-F1681FCD1928}.Release|Any CPU.Build.0 = Release|Any CPU
	EndGlobalSection
	GlobalSection(SolutionProperties) = preSolution
		HideSolutionNode = FALSE
	EndGlobalSection
	GlobalSection(ExtensibilityGlobals) = postSolution
		SolutionGuid = {33139801-E11A-49EB-8953-65285FD664DB}
	EndGlobalSection
EndGlobal
