
Microsoft Visual Studio Solution File, Format Version 12.00
# Visual Studio Version 16
VisualStudioVersion = 16.0.31105.61
MinimumVisualStudioVersion = 10.0.40219.1
Project("{FAE04EC0-301F-11D3-BF4B-00C04F79EFBC}") = "RealEstate", "RealEstate.csproj", "{9E201A79-3D34-4B6B-9AAF-384C4BA1CA39}"
EndProject
Global
	GlobalSection(SolutionConfigurationPlatforms) = preSolution
		Debug|Any CPU = Debug|Any CPU
		Release|Any CPU = Release|Any CPU
	EndGlobalSection
	GlobalSection(ProjectConfigurationPlatforms) = postSolution
		{9E201A79-3D34-4B6B-9AAF-384C4BA1CA39}.Debug|Any CPU.ActiveCfg = Debug|Any CPU
		{9E201A79-3D34-4B6B-9AAF-384C4BA1CA39}.Debug|Any CPU.Build.0 = Debug|Any CPU
		{9E201A79-3D34-4B6B-9AAF-384C4BA1CA39}.Release|Any CPU.ActiveCfg = Release|Any CPU
		{9E201A79-3D34-4B6B-9AAF-384C4BA1CA39}.Release|Any CPU.Build.0 = Release|Any CPU
	EndGlobalSection
	GlobalSection(SolutionProperties) = preSolution
		HideSolutionNode = FALSE
	EndGlobalSection
	GlobalSection(ExtensibilityGlobals) = postSolution
		SolutionGuid = {F76A39B8-F4D0-4FD4-991E-49F8D73894DC}
	EndGlobalSection
EndGlobal
